
Microsoft Visual Studio Solution File, Format Version 12.00
# Visual Studio Version 16
VisualStudioVersion = 16.0.33214.272
MinimumVisualStudioVersion = 10.0.40219.1
Project("{FAE04EC0-301F-11D3-BF4B-00C04F79EFBC}") = "WebServices", "WebServices\WebServices.csproj", "{2D273FFA-9162-4DD6-97D8-97F1AC2E2ECA}"
EndProject
Project("{FAE04EC0-301F-11D3-BF4B-00C04F79EFBC}") = "WebApplicationMVC", "WebApplicationMVC\WebApplicationMVC.csproj", "{7E66F431-3BD4-4D79-B0DC-5533EB823467}"
EndProject
Global
	GlobalSection(SolutionConfigurationPlatforms) = preSolution
		Debug|Any CPU = Debug|Any CPU
		Release|Any CPU = Release|Any CPU
	EndGlobalSection
	GlobalSection(ProjectConfigurationPlatforms) = postSolution
		{2D273FFA-9162-4DD6-97D8-97F1AC2E2ECA}.Debug|Any CPU.ActiveCfg = Debug|Any CPU
		{2D273FFA-9162-4DD6-97D8-97F1AC2E2ECA}.Debug|Any CPU.Build.0 = Debug|Any CPU
		{2D273FFA-9162-4DD6-97D8-97F1AC2E2ECA}.Release|Any CPU.ActiveCfg = Release|Any CPU
		{2D273FFA-9162-4DD6-97D8-97F1AC2E2ECA}.Release|Any CPU.Build.0 = Release|Any CPU
		{7E66F431-3BD4-4D79-B0DC-5533EB823467}.Debug|Any CPU.ActiveCfg = Debug|Any CPU
		{7E66F431-3BD4-4D79-B0DC-5533EB823467}.Debug|Any CPU.Build.0 = Debug|Any CPU
		{7E66F431-3BD4-4D79-B0DC-5533EB823467}.Release|Any CPU.ActiveCfg = Release|Any CPU
		{7E66F431-3BD4-4D79-B0DC-5533EB823467}.Release|Any CPU.Build.0 = Release|Any CPU
	EndGlobalSection
	GlobalSection(SolutionProperties) = preSolution
		HideSolutionNode = FALSE
	EndGlobalSection
	GlobalSection(ExtensibilityGlobals) = postSolution
		SolutionGuid = {B51DC9F4-C6F0-4D29-BFED-4E316BFB3C25}
	EndGlobalSection
EndGlobal
